
Microsoft Visual Studio Solution File, Format Version 12.00
# Visual Studio Version 16
VisualStudioVersion = 16.0.30517.126
MinimumVisualStudioVersion = 10.0.40219.1
Project("{FAE04EC0-301F-11D3-BF4B-00C04F79EFBC}") = "Tabbed_Peod.Android", "Tabbed_Peod\Tabbed_Peod.Android\Tabbed_Peod.Android.csproj", "{F22AC78E-5930-4715-9520-7ADC73E2E36E}"
EndProject
Project("{FAE04EC0-301F-11D3-BF4B-00C04F79EFBC}") = "Tabbed_Peod.iOS", "Tabbed_Peod\Tabbed_Peod.iOS\Tabbed_Peod.iOS.csproj", "{8975A1B6-E6BB-47B5-A0B8-9ED90D34C183}"
EndProject
Project("{FAE04EC0-301F-11D3-BF4B-00C04F79EFBC}") = "Tabbed_Peod", "Tabbed_Peod\Tabbed_Peod\Tabbed_Peod.csproj", "{958375DD-4871-4D3D-BDF7-99EA75F30B3A}"
EndProject
Global
	GlobalSection(SolutionConfigurationPlatforms) = preSolution
		Debug|Any CPU = Debug|Any CPU
		Debug|iPhone = Debug|iPhone
		Debug|iPhoneSimulator = Debug|iPhoneSimulator
		Release|Any CPU = Release|Any CPU
		Release|iPhone = Release|iPhone
		Release|iPhoneSimulator = Release|iPhoneSimulator
	EndGlobalSection
	GlobalSection(ProjectConfigurationPlatforms) = postSolution
		{F22AC78E-5930-4715-9520-7ADC73E2E36E}.Debug|Any CPU.ActiveCfg = Debug|Any CPU
		{F22AC78E-5930-4715-9520-7ADC73E2E36E}.Debug|Any CPU.Build.0 = Debug|Any CPU
		{F22AC78E-5930-4715-9520-7ADC73E2E36E}.Debug|Any CPU.Deploy.0 = Debug|Any CPU
		{F22AC78E-5930-4715-9520-7ADC73E2E36E}.Debug|iPhone.ActiveCfg = Debug|Any CPU
		{F22AC78E-5930-4715-9520-7ADC73E2E36E}.Debug|iPhone.Build.0 = Debug|Any CPU
		{F22AC78E-5930-4715-9520-7ADC73E2E36E}.Debug|iPhone.Deploy.0 = Debug|Any CPU
		{F22AC78E-5930-4715-9520-7ADC73E2E36E}.Debug|iPhoneSimulator.ActiveCfg = Debug|Any CPU
		{F22AC78E-5930-4715-9520-7ADC73E2E36E}.Debug|iPhoneSimulator.Build.0 = Debug|Any CPU
		{F22AC78E-5930-4715-9520-7ADC73E2E36E}.Debug|iPhoneSimulator.Deploy.0 = Debug|Any CPU
		{F22AC78E-5930-4715-9520-7ADC73E2E36E}.Release|Any CPU.ActiveCfg = Release|Any CPU
		{F22AC78E-5930-4715-9520-7ADC73E2E36E}.Release|Any CPU.Build.0 = Release|Any CPU
		{F22AC78E-5930-4715-9520-7ADC73E2E36E}.Release|Any CPU.Deploy.0 = Release|Any CPU
		{F22AC78E-5930-4715-9520-7ADC73E2E36E}.Release|iPhone.ActiveCfg = Release|Any CPU
		{F22AC78E-5930-4715-9520-7ADC73E2E36E}.Release|iPhone.Build.0 = Release|Any CPU
		{F22AC78E-5930-4715-9520-7ADC73E2E36E}.Release|iPhone.Deploy.0 = Release|Any CPU
		{F22AC78E-5930-4715-9520-7ADC73E2E36E}.Release|iPhoneSimulator.ActiveCfg = Release|Any CPU
		{F22AC78E-5930-4715-9520-7ADC73E2E36E}.Release|iPhoneSimulator.Build.0 = Release|Any CPU
		{F22AC78E-5930-4715-9520-7ADC73E2E36E}.Release|iPhoneSimulator.Deploy.0 = Release|Any CPU
		{8975A1B6-E6BB-47B5-A0B8-9ED90D34C183}.Debug|Any CPU.ActiveCfg = Debug|iPhone
		{8975A1B6-E6BB-47B5-A0B8-9ED90D34C183}.Debug|Any CPU.Build.0 = Debug|iPhone
		{8975A1B6-E6BB-47B5-A0B8-9ED90D34C183}.Debug|Any CPU.Deploy.0 = Debug|iPhone
		{8975A1B6-E6BB-47B5-A0B8-9ED90D34C183}.Debug|iPhone.ActiveCfg = Debug|iPhone
		{8975A1B6-E6BB-47B5-A0B8-9ED90D34C183}.Debug|iPhone.Build.0 = Debug|iPhone
		{8975A1B6-E6BB-47B5-A0B8-9ED90D34C183}.Debug|iPhone.Deploy.0 = Debug|iPhone
		{8975A1B6-E6BB-47B5-A0B8-9ED90D34C183}.Debug|iPhoneSimulator.ActiveCfg = Debug|iPhoneSimulator
		{8975A1B6-E6BB-47B5-A0B8-9ED90D34C183}.Debug|iPhoneSimulator.Build.0 = Debug|iPhoneSimulator
		{8975A1B6-E6BB-47B5-A0B8-9ED90D34C183}.Debug|iPhoneSimulator.Deploy.0 = Debug|iPhoneSimulator
		{8975A1B6-E6BB-47B5-A0B8-9ED90D34C183}.Release|Any CPU.ActiveCfg = Release|iPhoneSimulator
		{8975A1B6-E6BB-47B5-A0B8-9ED90D34C183}.Release|Any CPU.Build.0 = Release|iPhoneSimulator
		{8975A1B6-E6BB-47B5-A0B8-9ED90D34C183}.Release|Any CPU.Deploy.0 = Release|iPhoneSimulator
		{8975A1B6-E6BB-47B5-A0B8-9ED90D34C183}.Release|iPhone.ActiveCfg = Release|iPhone
		{8975A1B6-E6BB-47B5-A0B8-9ED90D34C183}.Release|iPhone.Build.0 = Release|iPhone
		{8975A1B6-E6BB-47B5-A0B8-9ED90D34C183}.Release|iPhone.Deploy.0 = Release|iPhone
		{8975A1B6-E6BB-47B5-A0B8-9ED90D34C183}.Release|iPhoneSimulator.ActiveCfg = Release|iPhoneSimulator
		{8975A1B6-E6BB-47B5-A0B8-9ED90D34C183}.Release|iPhoneSimulator.Build.0 = Release|iPhoneSimulator
		{8975A1B6-E6BB-47B5-A0B8-9ED90D34C183}.Release|iPhoneSimulator.Deploy.0 = Release|iPhoneSimulator
		{958375DD-4871-4D3D-BDF7-99EA75F30B3A}.Debug|Any CPU.ActiveCfg = Debug|Any CPU
		{958375DD-4871-4D3D-BDF7-99EA75F30B3A}.Debug|Any CPU.Build.0 = Debug|Any CPU
		{958375DD-4871-4D3D-BDF7-99EA75F30B3A}.Debug|Any CPU.Deploy.0 = Debug|Any CPU
		{958375DD-4871-4D3D-BDF7-99EA75F30B3A}.Debug|iPhone.ActiveCfg = Debug|Any CPU
		{958375DD-4871-4D3D-BDF7-99EA75F30B3A}.Debug|iPhone.Build.0 = Debug|Any CPU
		{958375DD-4871-4D3D-BDF7-99EA75F30B3A}.Debug|iPhone.Deploy.0 = Debug|Any CPU
		{958375DD-4871-4D3D-BDF7-99EA75F30B3A}.Debug|iPhoneSimulator.ActiveCfg = Debug|Any CPU
		{958375DD-4871-4D3D-BDF7-99EA75F30B3A}.Debug|iPhoneSimulator.Build.0 = Debug|Any CPU
		{958375DD-4871-4D3D-BDF7-99EA75F30B3A}.Debug|iPhoneSimulator.Deploy.0 = Debug|Any CPU
		{958375DD-4871-4D3D-BDF7-99EA75F30B3A}.Release|Any CPU.ActiveCfg = Release|Any CPU
		{958375DD-4871-4D3D-BDF7-99EA75F30B3A}.Release|Any CPU.Build.0 = Release|Any CPU
		{958375DD-4871-4D3D-BDF7-99EA75F30B3A}.Release|Any CPU.Deploy.0 = Release|Any CPU
		{958375DD-4871-4D3D-BDF7-99EA75F30B3A}.Release|iPhone.ActiveCfg = Release|Any CPU
		{958375DD-4871-4D3D-BDF7-99EA75F30B3A}.Release|iPhone.Build.0 = Release|Any CPU
		{958375DD-4871-4D3D-BDF7-99EA75F30B3A}.Release|iPhone.Deploy.0 = Release|Any CPU
		{958375DD-4871-4D3D-BDF7-99EA75F30B3A}.Release|iPhoneSimulator.ActiveCfg = Release|Any CPU
		{958375DD-4871-4D3D-BDF7-99EA75F30B3A}.Release|iPhoneSimulator.Build.0 = Release|Any CPU
		{958375DD-4871-4D3D-BDF7-99EA75F30B3A}.Release|iPhoneSimulator.Deploy.0 = Release|Any CPU
	EndGlobalSection
	GlobalSection(SolutionProperties) = preSolution
		HideSolutionNode = FALSE
	EndGlobalSection
	GlobalSection(ExtensibilityGlobals) = postSolution
		SolutionGuid = {E56CC0FF-8203-418A-A7A1-BFECB1E8486E}
	EndGlobalSection
EndGlobal
